
Microsoft Visual Studio Solution File, Format Version 12.00
# Visual Studio Version 16
VisualStudioVersion = 16.0.28711.60
MinimumVisualStudioVersion = 10.0.40219.1
Project("{FAE04EC0-301F-11D3-BF4B-00C04F79EFBC}") = "Russian Roulette", "Russian Roulette.csproj", "{7FAE757F-CD39-4A8A-95E1-A809057FC82F}"
EndProject
Project("{FAE04EC0-301F-11D3-BF4B-00C04F79EFBC}") = "UnitTest", "..\UnitTest\UnitTest.csproj", "{F1981DC7-6ECB-40B6-9405-12C5862F2466}"
EndProject
Global
	GlobalSection(SolutionConfigurationPlatforms) = preSolution
		Debug|Any CPU = Debug|Any CPU
		Release|Any CPU = Release|Any CPU
	EndGlobalSection
	GlobalSection(ProjectConfigurationPlatforms) = postSolution
		{7FAE757F-CD39-4A8A-95E1-A809057FC82F}.Debug|Any CPU.ActiveCfg = Debug|Any CPU
		{7FAE757F-CD39-4A8A-95E1-A809057FC82F}.Debug|Any CPU.Build.0 = Debug|Any CPU
		{7FAE757F-CD39-4A8A-95E1-A809057FC82F}.Release|Any CPU.ActiveCfg = Release|Any CPU
		{7FAE757F-CD39-4A8A-95E1-A809057FC82F}.Release|Any CPU.Build.0 = Release|Any CPU
		{F1981DC7-6ECB-40B6-9405-12C5862F2466}.Debug|Any CPU.ActiveCfg = Debug|Any CPU
		{F1981DC7-6ECB-40B6-9405-12C5862F2466}.Debug|Any CPU.Build.0 = Debug|Any CPU
		{F1981DC7-6ECB-40B6-9405-12C5862F2466}.Release|Any CPU.ActiveCfg = Release|Any CPU
		{F1981DC7-6ECB-40B6-9405-12C5862F2466}.Release|Any CPU.Build.0 = Release|Any CPU
	EndGlobalSection
	GlobalSection(SolutionProperties) = preSolution
		HideSolutionNode = FALSE
	EndGlobalSection
	GlobalSection(ExtensibilityGlobals) = postSolution
		SolutionGuid = {E4F2B07E-7F67-4886-A4C9-E34E4A256D29}
	EndGlobalSection
EndGlobal
